
Microsoft Visual Studio Solution File, Format Version 12.00
# Visual Studio Version 16
VisualStudioVersion = 16.0.29306.81
MinimumVisualStudioVersion = 10.0.40219.1
Project("{FAE04EC0-301F-11D3-BF4B-00C04F79EFBC}") = "My_First_WPF_App", "My_First_WPF_App.csproj", "{2F425E39-381F-4070-858A-299CB8C66BA5}"
EndProject
Project("{FAE04EC0-301F-11D3-BF4B-00C04F79EFBC}") = "Presentation", "..\Presentation\Presentation.csproj", "{2F680C7F-2327-4BDF-A4D2-E9B41AAE5C20}"
EndProject
Global
	GlobalSection(SolutionConfigurationPlatforms) = preSolution
		Debug|Any CPU = Debug|Any CPU
		Release|Any CPU = Release|Any CPU
	EndGlobalSection
	GlobalSection(ProjectConfigurationPlatforms) = postSolution
		{2F425E39-381F-4070-858A-299CB8C66BA5}.Debug|Any CPU.ActiveCfg = Debug|Any CPU
		{2F425E39-381F-4070-858A-299CB8C66BA5}.Debug|Any CPU.Build.0 = Debug|Any CPU
		{2F425E39-381F-4070-858A-299CB8C66BA5}.Release|Any CPU.ActiveCfg = Release|Any CPU
		{2F425E39-381F-4070-858A-299CB8C66BA5}.Release|Any CPU.Build.0 = Release|Any CPU
		{2F680C7F-2327-4BDF-A4D2-E9B41AAE5C20}.Debug|Any CPU.ActiveCfg = Debug|Any CPU
		{2F680C7F-2327-4BDF-A4D2-E9B41AAE5C20}.Debug|Any CPU.Build.0 = Debug|Any CPU
		{2F680C7F-2327-4BDF-A4D2-E9B41AAE5C20}.Release|Any CPU.ActiveCfg = Release|Any CPU
		{2F680C7F-2327-4BDF-A4D2-E9B41AAE5C20}.Release|Any CPU.Build.0 = Release|Any CPU
	EndGlobalSection
	GlobalSection(SolutionProperties) = preSolution
		HideSolutionNode = FALSE
	EndGlobalSection
	GlobalSection(ExtensibilityGlobals) = postSolution
		SolutionGuid = {07F4EE47-C880-4092-B834-F4DAB4093009}
	EndGlobalSection
EndGlobal
